schema: '2.0'
stages:
  preprocess:
    cmd: python src/preprocess.py
    deps:
    - path: data/raw.csv
      hash: md5
      md5: 21d441a28bce4417276097df955afc50
      size: 2928
    - path: src/preprocess.py
      hash: md5
      md5: 202f31f7a461353db4ced7d49266335b
      size: 147
    outs:
    - path: data/processed.csv
      hash: md5
      md5: 21d441a28bce4417276097df955afc50
      size: 2928
  train:
    cmd: python src/train2.py
    deps:
    - path: data/processed.csv
      hash: md5
      md5: 21d441a28bce4417276097df955afc50
      size: 2928
    - path: params.yaml
      hash: md5
      md5: 9531f019c10824b8026ce642a0e42b90
      size: 27
    - path: src/train2.py
      hash: md5
      md5: 05aec016f45c0663fa57a8dcf3cb23d5
      size: 700
    params:
      params.yaml:
        train.n_estimators: 200
    outs:
    - path: models/model.pkl
      hash: md5
      md5: 0f5aa96c9bba6fc9c5eb1b9fa1fbd05f
      size: 368305
  evaluate:
    cmd: python src/evaluate.py
    deps:
    - path: models/model.pkl
      hash: md5
      md5: 0f5aa96c9bba6fc9c5eb1b9fa1fbd05f
      size: 368305
    - path: src/evaluate.py
      hash: md5
      md5: 52c9ac316d002f5268ae35ee6fcbd0bf
      size: 707
    outs:
    - path: metrics.txt
      hash: md5
      md5: 98937548d721445b2095fb13deb756d7
      size: 13
